
Microsoft Visual Studio Solution File, Format Version 12.00
# Visual Studio Version 16
VisualStudioVersion = 16.0.32002.261
MinimumVisualStudioVersion = 10.0.40219.1
Project("{FAE04EC0-301F-11D3-BF4B-00C04F79EFBC}") = "ClassDemo2021Mack2", "ClassDemo2021Mack2\ClassDemo2021Mack2.csproj", "{D7D2CEB1-DE62-48CD-A081-DDE7B611710C}"
EndProject
Project("{FAE04EC0-301F-11D3-BF4B-00C04F79EFBC}") = "BabyLib", "BabyLib\BabyLib.csproj", "{AA1108E4-69F3-4550-ABD1-5E62383B74B9}"
EndProject
Global
	GlobalSection(SolutionConfigurationPlatforms) = preSolution
		Debug|Any CPU = Debug|Any CPU
		Release|Any CPU = Release|Any CPU
	EndGlobalSection
	GlobalSection(ProjectConfigurationPlatforms) = postSolution
		{D7D2CEB1-DE62-48CD-A081-DDE7B611710C}.Debug|Any CPU.ActiveCfg = Debug|Any CPU
		{D7D2CEB1-DE62-48CD-A081-DDE7B611710C}.Debug|Any CPU.Build.0 = Debug|Any CPU
		{D7D2CEB1-DE62-48CD-A081-DDE7B611710C}.Release|Any CPU.ActiveCfg = Release|Any CPU
		{D7D2CEB1-DE62-48CD-A081-DDE7B611710C}.Release|Any CPU.Build.0 = Release|Any CPU
		{AA1108E4-69F3-4550-ABD1-5E62383B74B9}.Debug|Any CPU.ActiveCfg = Debug|Any CPU
		{AA1108E4-69F3-4550-ABD1-5E62383B74B9}.Debug|Any CPU.Build.0 = Debug|Any CPU
		{AA1108E4-69F3-4550-ABD1-5E62383B74B9}.Release|Any CPU.ActiveCfg = Release|Any CPU
		{AA1108E4-69F3-4550-ABD1-5E62383B74B9}.Release|Any CPU.Build.0 = Release|Any CPU
	EndGlobalSection
	GlobalSection(SolutionProperties) = preSolution
		HideSolutionNode = FALSE
	EndGlobalSection
	GlobalSection(ExtensibilityGlobals) = postSolution
		SolutionGuid = {E304E9D8-D079-413E-9BD5-266C27B482D6}
	EndGlobalSection
EndGlobal
